
Microsoft Visual Studio Solution File, Format Version 12.00
# Visual Studio Version 17
VisualStudioVersion = 17.6.33723.286
MinimumVisualStudioVersion = 10.0.40219.1
Project("{9A19103F-16F7-4668-BE54-9A1E7A4F7556}") = "OtusHomeWork6", "OtusHomeWork6\OtusHomeWork6.csproj", "{62C2AE7F-D9F7-4714-9B45-596614C3C0F3}"
EndProject
Project("{9A19103F-16F7-4668-BE54-9A1E7A4F7556}") = "OtusHomeWork6_1", "OtusHomeWork6_1\OtusHomeWork6_1.csproj", "{ED3235F6-D591-4885-928E-A1D4B2E8514B}"
EndProject
Project("{FAE04EC0-301F-11D3-BF4B-00C04F79EFBC}") = "OtusHomeWork6_2", "OtusHomeWork6_2\OtusHomeWork6_2.csproj", "{B304F05F-64F1-4F6D-90C9-EA0159190334}"
EndProject
Global
	GlobalSection(SolutionConfigurationPlatforms) = preSolution
		Debug|Any CPU = Debug|Any CPU
		Release|Any CPU = Release|Any CPU
	EndGlobalSection
	GlobalSection(ProjectConfigurationPlatforms) = postSolution
		{62C2AE7F-D9F7-4714-9B45-596614C3C0F3}.Debug|Any CPU.ActiveCfg = Debug|Any CPU
		{62C2AE7F-D9F7-4714-9B45-596614C3C0F3}.Debug|Any CPU.Build.0 = Debug|Any CPU
		{62C2AE7F-D9F7-4714-9B45-596614C3C0F3}.Release|Any CPU.ActiveCfg = Release|Any CPU
		{62C2AE7F-D9F7-4714-9B45-596614C3C0F3}.Release|Any CPU.Build.0 = Release|Any CPU
		{ED3235F6-D591-4885-928E-A1D4B2E8514B}.Debug|Any CPU.ActiveCfg = Debug|Any CPU
		{ED3235F6-D591-4885-928E-A1D4B2E8514B}.Debug|Any CPU.Build.0 = Debug|Any CPU
		{ED3235F6-D591-4885-928E-A1D4B2E8514B}.Release|Any CPU.ActiveCfg = Release|Any CPU
		{ED3235F6-D591-4885-928E-A1D4B2E8514B}.Release|Any CPU.Build.0 = Release|Any CPU
		{B304F05F-64F1-4F6D-90C9-EA0159190334}.Debug|Any CPU.ActiveCfg = Debug|Any CPU
		{B304F05F-64F1-4F6D-90C9-EA0159190334}.Debug|Any CPU.Build.0 = Debug|Any CPU
		{B304F05F-64F1-4F6D-90C9-EA0159190334}.Release|Any CPU.ActiveCfg = Release|Any CPU
		{B304F05F-64F1-4F6D-90C9-EA0159190334}.Release|Any CPU.Build.0 = Release|Any CPU
	EndGlobalSection
	GlobalSection(SolutionProperties) = preSolution
		HideSolutionNode = FALSE
	EndGlobalSection
	GlobalSection(ExtensibilityGlobals) = postSolution
		SolutionGuid = {1AA0154D-F9D0-4514-BAE5-9055A1B9E859}
	EndGlobalSection
EndGlobal
